{
  "name": "MAPP-2024",
  "lockfileVersion": 3,
  "requires": true,
  "packages": {
    "": {
      "dependencies": {
        "p5.fillgradient": "^0.1.1"
      }
    },
    "node_modules/p5.fillgradient": {
      "version": "0.1.1",
      "resolved": "https://registry.npmjs.org/p5.fillgradient/-/p5.fillgradient-0.1.1.tgz",
      "integrity": "sha512-iVA2gIoeP3B6hnQLgwg7wwfYz+aCgGxVlQepS8LuYeQwI7TOhUsTmRA/I2EirKcAxQV47ZYKR5mhGwoUPUIUlw=="
    }
  }
}
